// !$*UTF8*$!
{
	archiveVersion = 1;
	classes = {
	};
	objectVersion = 55;
	objects = {

/* Begin PBXBuildFile section */
		2E36EFCD27D22D5600E144DE /* EdvoraApp.swift in Sources */ = {isa = PBXBuildFile; fileRef = 2E36EFCC27D22D5600E144DE /* EdvoraApp.swift */; };
		2E36EFCF27D22D5600E144DE /* ContentView.swift in Sources */ = {isa = PBXBuildFile; fileRef = 2E36EFCE27D22D5600E144DE /* ContentView.swift */; };
		2E36EFD127D22D5800E144DE /* Assets.xcassets in Resources */ = {isa = PBXBuildFile; fileRef = 2E36EFD027D22D5800E144DE /* Assets.xcassets */; };
		2E36EFD427D22D5800E144DE /* Preview Assets.xcassets in Resources */ = {isa = PBXBuildFile; fileRef = 2E36EFD327D22D5800E144DE /* Preview Assets.xcassets */; };
		2E36EFDB27D2390800E144DE /* RidesModel.swift in Sources */ = {isa = PBXBuildFile; fileRef = 2E36EFDA27D2390800E144DE /* RidesModel.swift */; };
		2E36EFDF27D2497300E144DE /* ApiClient.swift in Sources */ = {isa = PBXBuildFile; fileRef = 2E36EFDE27D2497300E144DE /* ApiClient.swift */; };
		2E36EFE227D249E700E144DE /* RidesViewModel.swift in Sources */ = {isa = PBXBuildFile; fileRef = 2E36EFE127D249E700E144DE /* RidesViewModel.swift */; };
		2E36EFE427D24AB200E144DE /* RidesApi.swift in Sources */ = {isa = PBXBuildFile; fileRef = 2E36EFE327D24AB200E144DE /* RidesApi.swift */; };
		2E698D9F27D629D2002DCB9F /* CardView.swift in Sources */ = {isa = PBXBuildFile; fileRef = 2E698D9E27D629D2002DCB9F /* CardView.swift */; };
		2E698DA127D629E0002DCB9F /* DetailView.swift in Sources */ = {isa = PBXBuildFile; fileRef = 2E698DA027D629E0002DCB9F /* DetailView.swift */; };
		2E698DA327D62AA0002DCB9F /* User.swift in Sources */ = {isa = PBXBuildFile; fileRef = 2E698DA227D62AA0002DCB9F /* User.swift */; };
		2E698DA527D62B3F002DCB9F /* UserViewModel.swift in Sources */ = {isa = PBXBuildFile; fileRef = 2E698DA427D62B3F002DCB9F /* UserViewModel.swift */; };
		2E698DA727D62BDF002DCB9F /* UserApi.swift in Sources */ = {isa = PBXBuildFile; fileRef = 2E698DA627D62BDF002DCB9F /* UserApi.swift */; };
/* End PBXBuildFile section */

/* Begin PBXFileReference section */
		2E36EFC927D22D5600E144DE /* Edvora.app */ = {isa = PBXFileReference; explicitFileType = wrapper.application; includeInIndex = 0; path = Edvora.app; sourceTree = BUILT_PRODUCTS_DIR; };
		2E36EFCC27D22D5600E144DE /* EdvoraApp.swift */ = {isa = PBXFileReference; lastKnownFileType = sourcecode.swift; path = EdvoraApp.swift; sourceTree = "<group>"; };
		2E36EFCE27D22D5600E144DE /* ContentView.swift */ = {isa = PBXFileReference; lastKnownFileType = sourcecode.swift; path = ContentView.swift; sourceTree = "<group>"; };
		2E36EFD027D22D5800E144DE /* Assets.xcassets */ = {isa = PBXFileReference; lastKnownFileType = folder.assetcatalog; path = Assets.xcassets; sourceTree = "<group>"; };
		2E36EFD327D22D5800E144DE /* Preview Assets.xcassets */ = {isa = PBXFileReference; lastKnownFileType = folder.assetcatalog; path = "Preview Assets.xcassets"; sourceTree = "<group>"; };
		2E36EFDA27D2390800E144DE /* RidesModel.swift */ = {isa = PBXFileReference; lastKnownFileType = sourcecode.swift; path = RidesModel.swift; sourceTree = "<group>"; };
		2E36EFDE27D2497300E144DE /* ApiClient.swift */ = {isa = PBXFileReference; lastKnownFileType = sourcecode.swift; path = ApiClient.swift; sourceTree = "<group>"; };
		2E36EFE127D249E700E144DE /* RidesViewModel.swift */ = {isa = PBXFileReference; lastKnownFileType = sourcecode.swift; path = RidesViewModel.swift; sourceTree = "<group>"; };
		2E36EFE327D24AB200E144DE /* RidesApi.swift */ = {isa = PBXFileReference; lastKnownFileType = sourcecode.swift; path = RidesApi.swift; sourceTree = "<group>"; };
		2E698D9E27D629D2002DCB9F /* CardView.swift */ = {isa = PBXFileReference; lastKnownFileType = sourcecode.swift; path = CardView.swift; sourceTree = "<group>"; };
		2E698DA027D629E0002DCB9F /* DetailView.swift */ = {isa = PBXFileReference; lastKnownFileType = sourcecode.swift; path = DetailView.swift; sourceTree = "<group>"; };
		2E698DA227D62AA0002DCB9F /* User.swift */ = {isa = PBXFileReference; lastKnownFileType = sourcecode.swift; path = User.swift; sourceTree = "<group>"; };
		2E698DA427D62B3F002DCB9F /* UserViewModel.swift */ = {isa = PBXFileReference; lastKnownFileType = sourcecode.swift; path = UserViewModel.swift; sourceTree = "<group>"; };
		2E698DA627D62BDF002DCB9F /* UserApi.swift */ = {isa = PBXFileReference; lastKnownFileType = sourcecode.swift; path = UserApi.swift; sourceTree = "<group>"; };
/* End PBXFileReference section */

/* Begin PBXFrameworksBuildPhase section */
		2E36EFC627D22D5600E144DE /* Frameworks */ = {
			isa = PBXFrameworksBuildPhase;
			buildActionMask = 2147483647;
			files = (
			);
			runOnlyForDeploymentPostprocessing = 0;
		};
/* End PBXFrameworksBuildPhase section */

/* Begin PBXGroup section */
		2E36EFC027D22D5600E144DE = {
			isa = PBXGroup;
			children = (
				2E36EFCB27D22D5600E144DE /* Edvora */,
				2E36EFCA27D22D5600E144DE /* Products */,
			);
			sourceTree = "<group>";
		};
		2E36EFCA27D22D5600E144DE /* Products */ = {
			isa = PBXGroup;
			children = (
				2E36EFC927D22D5600E144DE /* Edvora.app */,
			);
			name = Products;
			sourceTree = "<group>";
		};
		2E36EFCB27D22D5600E144DE /* Edvora */ = {
			isa = PBXGroup;
			children = (
				2E698D9D27D62806002DCB9F /* View */,
				2E698D9C27D627EF002DCB9F /* Model */,
				2E698D9B27D627D9002DCB9F /* ApiManager */,
				2E36EFE027D249D000E144DE /* ViewModel */,
				2E36EFCC27D22D5600E144DE /* EdvoraApp.swift */,
				2E36EFD027D22D5800E144DE /* Assets.xcassets */,
				2E36EFD227D22D5800E144DE /* Preview Content */,
			);
			path = Edvora;
			sourceTree = "<group>";
		};
		2E36EFD227D22D5800E144DE /* Preview Content */ = {
			isa = PBXGroup;
			children = (
				2E36EFD327D22D5800E144DE /* Preview Assets.xcassets */,
			);
			path = "Preview Content";
			sourceTree = "<group>";
		};
		2E36EFE027D249D000E144DE /* ViewModel */ = {
			isa = PBXGroup;
			children = (
				2E36EFE127D249E700E144DE /* RidesViewModel.swift */,
				2E698DA427D62B3F002DCB9F /* UserViewModel.swift */,
			);
			path = ViewModel;
			sourceTree = "<group>";
		};
		2E698D9B27D627D9002DCB9F /* ApiManager */ = {
			isa = PBXGroup;
			children = (
				2E36EFDE27D2497300E144DE /* ApiClient.swift */,
				2E36EFE327D24AB200E144DE /* RidesApi.swift */,
				2E698DA627D62BDF002DCB9F /* UserApi.swift */,
			);
			path = ApiManager;
			sourceTree = "<group>";
		};
		2E698D9C27D627EF002DCB9F /* Model */ = {
			isa = PBXGroup;
			children = (
				2E36EFDA27D2390800E144DE /* RidesModel.swift */,
				2E698DA227D62AA0002DCB9F /* User.swift */,
			);
			path = Model;
			sourceTree = "<group>";
		};
		2E698D9D27D62806002DCB9F /* View */ = {
			isa = PBXGroup;
			children = (
				2E36EFCE27D22D5600E144DE /* ContentView.swift */,
				2E698D9E27D629D2002DCB9F /* CardView.swift */,
				2E698DA027D629E0002DCB9F /* DetailView.swift */,
			);
			path = View;
			sourceTree = "<group>";
		};
/* End PBXGroup section */

/* Begin PBXNativeTarget section */
		2E36EFC827D22D5600E144DE /* Edvora */ = {
			isa = PBXNativeTarget;
			buildConfigurationList = 2E36EFD727D22D5800E144DE /* Build configuration list for PBXNativeTarget "Edvora" */;
			buildPhases = (
				2E36EFC527D22D5600E144DE /* Sources */,
				2E36EFC627D22D5600E144DE /* Frameworks */,
				2E36EFC727D22D5600E144DE /* Resources */,
			);
			buildRules = (
			);
			dependencies = (
			);
			name = Edvora;
			packageProductDependencies = (
			);
			productName = Edvora;
			productReference = 2E36EFC927D22D5600E144DE /* Edvora.app */;
			productType = "com.apple.product-type.application";
		};
/* End PBXNativeTarget section */

/* Begin PBXProject section */
		2E36EFC127D22D5600E144DE /* Project object */ = {
			isa = PBXProject;
			attributes = {
				BuildIndependentTargetsInParallel = 1;
				LastSwiftUpdateCheck = 1310;
				LastUpgradeCheck = 1310;
				TargetAttributes = {
					2E36EFC827D22D5600E144DE = {
						CreatedOnToolsVersion = 13.1;
					};
				};
			};
			buildConfigurationList = 2E36EFC427D22D5600E144DE /* Build configuration list for PBXProject "Edvora" */;
			compatibilityVersion = "Xcode 13.0";
			developmentRegion = en;
			hasScannedForEncodings = 0;
			knownRegions = (
				en,
				Base,
			);
			mainGroup = 2E36EFC027D22D5600E144DE;
			packageReferences = (
			);
			productRefGroup = 2E36EFCA27D22D5600E144DE /* Products */;
			projectDirPath = "";
			projectRoot = "";
			targets = (
				2E36EFC827D22D5600E144DE /* Edvora */,
			);
		};
/* End PBXProject section */

/* Begin PBXResourcesBuildPhase section */
		2E36EFC727D22D5600E144DE /* Resources */ = {
			isa = PBXResourcesBuildPhase;
			buildActionMask = 2147483647;
			files = (
				2E36EFD427D22D5800E144DE /* Preview Assets.xcassets in Resources */,
				2E36EFD127D22D5800E144DE /* Assets.xcassets in Resources */,
			);
			runOnlyForDeploymentPostprocessing = 0;
		};
/* End PBXResourcesBuildPhase section */

/* Begin PBXSourcesBuildPhase section */
		2E36EFC527D22D5600E144DE /* Sources */ = {
			isa = PBXSourcesBuildPhase;
			buildActionMask = 2147483647;
			files = (
				2E698D9F27D629D2002DCB9F /* CardView.swift in Sources */,
				2E698DA127D629E0002DCB9F /* DetailView.swift in Sources */,
				2E36EFE427D24AB200E144DE /* RidesApi.swift in Sources */,
				2E698DA527D62B3F002DCB9F /* UserViewModel.swift in Sources */,
				2E36EFCF27D22D5600E144DE /* ContentView.swift in Sources */,
				2E36EFE227D249E700E144DE /* RidesViewModel.swift in Sources */,
				2E698DA327D62AA0002DCB9F /* User.swift in Sources */,
				2E36EFDB27D2390800E144DE /* RidesModel.swift in Sources */,
				2E36EFCD27D22D5600E144DE /* EdvoraApp.swift in Sources */,
				2E36EFDF27D2497300E144DE /* ApiClient.swift in Sources */,
				2E698DA727D62BDF002DCB9F /* UserApi.swift in Sources */,
			);
			runOnlyForDeploymentPostprocessing = 0;
		};
/* End PBXSourcesBuildPhase section */

/* Begin XCBuildConfiguration section */
		2E36EFD527D22D5800E144DE /* Debug */ = {
			isa = XCBuildConfiguration;
			buildSettings = {
				ALWAYS_SEARCH_USER_PATHS = NO;
				CLANG_ANALYZER_NONNULL = YES;
				CLANG_ANALYZER_NUMBER_OBJECT_CONVERSION = YES_AGGRESSIVE;
				CLANG_CXX_LANGUAGE_STANDARD = "gnu++17";
				CLANG_CXX_LIBRARY = "libc++";
				CLANG_ENABLE_MODULES = YES;
				CLANG_ENABLE_OBJC_ARC = YES;
				CLANG_ENABLE_OBJC_WEAK = YES;
				CLANG_WARN_BLOCK_CAPTURE_AUTORELEASING = YES;
				CLANG_WARN_BOOL_CONVERSION = YES;
				CLANG_WARN_COMMA = YES;
				CLANG_WARN_CONSTANT_CONVERSION = YES;
				CLANG_WARN_DEPRECATED_OBJC_IMPLEMENTATIONS = YES;
				CLANG_WARN_DIRECT_OBJC_ISA_USAGE = YES_ERROR;
				CLANG_WARN_DOCUMENTATION_COMMENTS = YES;
				CLANG_WARN_EMPTY_BODY = YES;
				CLANG_WARN_ENUM_CONVERSION = YES;
				CLANG_WARN_INFINITE_RECURSION = YES;
				CLANG_WARN_INT_CONVERSION = YES;
				CLANG_WARN_NON_LITERAL_NULL_CONVERSION = YES;
				CLANG_WARN_OBJC_IMPLICIT_RETAIN_SELF = YES;
				CLANG_WARN_OBJC_LITERAL_CONVERSION = YES;
				CLANG_WARN_OBJC_ROOT_CLASS = YES_ERROR;
				CLANG_WARN_QUOTED_INCLUDE_IN_FRAMEWORK_HEADER = YES;
				CLANG_WARN_RANGE_LOOP_ANALYSIS = YES;
				CLANG_WARN_STRICT_PROTOTYPES = YES;
				CLANG_WARN_SUSPICIOUS_MOVE = YES;
				CLANG_WARN_UNGUARDED_AVAILABILITY = YES_AGGRESSIVE;
				CLANG_WARN_UNREACHABLE_CODE = YES;
				CLANG_WARN__DUPLICATE_METHOD_MATCH = YES;
				COPY_PHASE_STRIP = NO;
				DEBUG_INFORMATION_FORMAT = dwarf;
				ENABLE_STRICT_OBJC_MSGSEND = YES;
				ENABLE_TESTABILITY = YES;
				GCC_C_LANGUAGE_STANDARD = gnu11;
				GCC_DYNAMIC_NO_PIC = NO;
				GCC_NO_COMMON_BLOCKS = YES;
				GCC_OPTIMIZATION_LEVEL = 0;
				GCC_PREPROCESSOR_DEFINITIONS = (
					"DEBUG=1",
					"$(inherited)",
				);
				GCC_WARN_64_TO_32_BIT_CONVERSION = YES;
				GCC_WARN_ABOUT_RETURN_TYPE = YES_ERROR;
				GCC_WARN_UNDECLARED_SELECTOR = YES;
				GCC_WARN_UNINITIALIZED_AUTOS = YES_AGGRESSIVE;
				GCC_WARN_UNUSED_FUNCTION = YES;
				GCC_WARN_UNUSED_VARIABLE = YES;
				IPHONEOS_DEPLOYMENT_TARGET = 15.0;
				MTL_ENABLE_DEBUG_INFO = INCLUDE_SOURCE;
				MTL_FAST_MATH = YES;
				ONLY_ACTIVE_ARCH = YES;
				SDKROOT = iphoneos;
				SWIFT_ACTIVE_COMPILATION_CONDITIONS = DEBUG;
				SWIFT_OPTIMIZATION_LEVEL = "-Onone";
			};
			name = Debug;
		};
		2E36EFD627D22D5800E144DE /* Release */ = {
			isa = XCBuildConfiguration;
			buildSettings = {
				ALWAYS_SEARCH_USER_PATHS = NO;
				CLANG_ANALYZER_NONNULL = YES;
				CLANG_ANALYZER_NUMBER_OBJECT_CONVERSION = YES_AGGRESSIVE;
				CLANG_CXX_LANGUAGE_STANDARD = "gnu++17";
				CLANG_CXX_LIBRARY = "libc++";
				CLANG_ENABLE_MODULES = YES;
				CLANG_ENABLE_OBJC_ARC = YES;
				CLANG_ENABLE_OBJC_WEAK = YES;
				CLANG_WARN_BLOCK_CAPTURE_AUTORELEASING = YES;
				CLANG_WARN_BOOL_CONVERSION = YES;
				CLANG_WARN_COMMA = YES;
				CLANG_WARN_CONSTANT_CONVERSION = YES;
				CLANG_WARN_DEPRECATED_OBJC_IMPLEMENTATIONS = YES;
				CLANG_WARN_DIRECT_OBJC_ISA_USAGE = YES_ERROR;
				CLANG_WARN_DOCUMENTATION_COMMENTS = YES;
				CLANG_WARN_EMPTY_BODY = YES;
				CLANG_WARN_ENUM_CONVERSION = YES;
				CLANG_WARN_INFINITE_RECURSION = YES;
				CLANG_WARN_INT_CONVERSION = YES;
				CLANG_WARN_NON_LITERAL_NULL_CONVERSION = YES;
				CLANG_WARN_OBJC_IMPLICIT_RETAIN_SELF = YES;
				CLANG_WARN_OBJC_LITERAL_CONVERSION = YES;
				CLANG_WARN_OBJC_ROOT_CLASS = YES_ERROR;
				CLANG_WARN_QUOTED_INCLUDE_IN_FRAMEWORK_HEADER = YES;
				CLANG_WARN_RANGE_LOOP_ANALYSIS = YES;
				CLANG_WARN_STRICT_PROTOTYPES = YES;
				CLANG_WARN_SUSPICIOUS_MOVE = YES;
				CLANG_WARN_UNGUARDED_AVAILABILITY = YES_AGGRESSIVE;
				CLANG_WARN_UNREACHABLE_CODE = YES;
				CLANG_WARN__DUPLICATE_METHOD_MATCH = YES;
				COPY_PHASE_STRIP = NO;
				DEBUG_INFORMATION_FORMAT = "dwarf-with-dsym";
				ENABLE_NS_ASSERTIONS = NO;
				ENABLE_STRICT_OBJC_MSGSEND = YES;
				GCC_C_LANGUAGE_STANDARD = gnu11;
				GCC_NO_COMMON_BLOCKS = YES;
				GCC_WARN_64_TO_32_BIT_CONVERSION = YES;
				GCC_WARN_ABOUT_RETURN_TYPE = YES_ERROR;
				GCC_WARN_UNDECLARED_SELECTOR = YES;
				GCC_WARN_UNINITIALIZED_AUTOS = YES_AGGRESSIVE;
				GCC_WARN_UNUSED_FUNCTION = YES;
				GCC_WARN_UNUSED_VARIABLE = YES;
				IPHONEOS_DEPLOYMENT_TARGET = 15.0;
				MTL_ENABLE_DEBUG_INFO = NO;
				MTL_FAST_MATH = YES;
				SDKROOT = iphoneos;
				SWIFT_COMPILATION_MODE = wholemodule;
				SWIFT_OPTIMIZATION_LEVEL = "-O";
				VALIDATE_PRODUCT = YES;
			};
			name = Release;
		};
		2E36EFD827D22D5800E144DE /* Debug */ = {
			isa = XCBuildConfiguration;
			buildSettings = {
				ASSETCATALOG_COMPILER_APPICON_NAME = AppIcon;
				ASSETCATALOG_COMPILER_GLOBAL_ACCENT_COLOR_NAME = AccentColor;
				CODE_SIGN_STYLE = Automatic;
				CURRENT_PROJECT_VERSION = 1;
				DEVELOPMENT_ASSET_PATHS = "\"Edvora/Preview Content\"";
				DEVELOPMENT_TEAM = ZT7SZU32GJ;
				ENABLE_PREVIEWS = YES;
				GENERATE_INFOPLIST_FILE = YES;
				INFOPLIST_KEY_UIApplicationSceneManifest_Generation = YES;
				INFOPLIST_KEY_UIApplicationSupportsIndirectInputEvents = YES;
				INFOPLIST_KEY_UILaunchScreen_Generation = YES;
				INFOPLIST_KEY_UISupportedInterfaceOrientations_iPad = "UIInterfaceOrientationPortrait UIInterfaceOrientationPortraitUpsideDown UIInterfaceOrientationLandscapeLeft UIInterfaceOrientationLandscapeRight";
				INFOPLIST_KEY_UISupportedInterfaceOrientations_iPhone = "UIInterfaceOrientationPortrait UIInterfaceOrientationLandscapeLeft UIInterfaceOrientationLandscapeRight";
				LD_RUNPATH_SEARCH_PATHS = (
					"$(inherited)",
					"@executable_path/Frameworks",
				);
				MARKETING_VERSION = 1.0;
				PRODUCT_BUNDLE_IDENTIFIER = com.aakashsinha.edvora.Edvora;
				PRODUCT_NAME = "$(TARGET_NAME)";
				SWIFT_EMIT_LOC_STRINGS = YES;
				SWIFT_VERSION = 5.0;
				TARGETED_DEVICE_FAMILY = "1,2";
			};
			name = Debug;
		};
		2E36EFD927D22D5800E144DE /* Release */ = {
			isa = XCBuildConfiguration;
			buildSettings = {
				ASSETCATALOG_COMPILER_APPICON_NAME = AppIcon;
				ASSETCATALOG_COMPILER_GLOBAL_ACCENT_COLOR_NAME = AccentColor;
				CODE_SIGN_STYLE = Automatic;
				CURRENT_PROJECT_VERSION = 1;
				DEVELOPMENT_ASSET_PATHS = "\"Edvora/Preview Content\"";
				DEVELOPMENT_TEAM = ZT7SZU32GJ;
				ENABLE_PREVIEWS = YES;
				GENERATE_INFOPLIST_FILE = YES;
				INFOPLIST_KEY_UIApplicationSceneManifest_Generation = YES;
				INFOPLIST_KEY_UIApplicationSupportsIndirectInputEvents = YES;
				INFOPLIST_KEY_UILaunchScreen_Generation = YES;
				INFOPLIST_KEY_UISupportedInterfaceOrientations_iPad = "UIInterfaceOrientationPortrait UIInterfaceOrientationPortraitUpsideDown UIInterfaceOrientationLandscapeLeft UIInterfaceOrientationLandscapeRight";
				INFOPLIST_KEY_UISupportedInterfaceOrientations_iPhone = "UIInterfaceOrientationPortrait UIInterfaceOrientationLandscapeLeft UIInterfaceOrientationLandscapeRight";
				LD_RUNPATH_SEARCH_PATHS = (
					"$(inherited)",
					"@executable_path/Frameworks",
				);
				MARKETING_VERSION = 1.0;
				PRODUCT_BUNDLE_IDENTIFIER = com.aakashsinha.edvora.Edvora;
				PRODUCT_NAME = "$(TARGET_NAME)";
				SWIFT_EMIT_LOC_STRINGS = YES;
				SWIFT_VERSION = 5.0;
				TARGETED_DEVICE_FAMILY = "1,2";
			};
			name = Release;
		};
/* End XCBuildConfiguration section */

/* Begin XCConfigurationList section */
		2E36EFC427D22D5600E144DE /* Build configuration list for PBXProject "Edvora" */ = {
			isa = XCConfigurationList;
			buildConfigurations = (
				2E36EFD527D22D5800E144DE /* Debug */,
				2E36EFD627D22D5800E144DE /* Release */,
			);
			defaultConfigurationIsVisible = 0;
			defaultConfigurationName = Release;
		};
		2E36EFD727D22D5800E144DE /* Build configuration list for PBXNativeTarget "Edvora" */ = {
			isa = XCConfigurationList;
			buildConfigurations = (
				2E36EFD827D22D5800E144DE /* Debug */,
				2E36EFD927D22D5800E144DE /* Release */,
			);
			defaultConfigurationIsVisible = 0;
			defaultConfigurationName = Release;
		};
/* End XCConfigurationList section */
	};
	rootObject = 2E36EFC127D22D5600E144DE /* Project object */;
}
